{
  "name": "go-tea",
  "version": "1.0.0",
  "lockfileVersion": 1,
  "requires": true,
  "dependencies": {
    "@webcomponents/custom-elements": {
      "version": "https://github.com/webcomponents/custom-elements/archive/36451e1.tar.gz",
      "integrity": "sha512-k2LwSQVsZ0qctkEo1g0ZkdZYgT1PPJNrhj+mh+iyKhdz65mvg/lMZCtTrU3fncGxMesD4g4b2u3S9xewAH3tTg=="
    },
    "@webcomponents/shadycss": {
      "version": "https://github.com/webcomponents/shadycss/archive/bea402d.tar.gz",
      "integrity": "sha512-O3voygtfXdsJKgwaxNfrnenc4BPcIU9NaCGoCG3dfc/aMaA5+Am+ez/tY/LUshHXlUwFFFFr/NH0K6+rqV2IcQ=="
    },
    "@webcomponents/template": {
      "version": "https://github.com/webcomponents/template/archive/60d743e.tar.gz",
      "integrity": "sha512-21a8phu4+twTBfiO0aQdGZ+BJanPRxK8d8cKs/o0I5L6yXwTLeaNYlU0+dPtGDFFgYcvkAyhVvZd6qsafOs/GA=="
    },
    "array.from": {
      "version": "1.0.3",
      "resolved": "https://registry.npmjs.org/array.from/-/array.from-1.0.3.tgz",
      "integrity": "sha1-y1hqrZIGfzQSKfQeDtZDKB26Vrc=",
      "requires": {
        "define-properties": "1.1.2",
        "es-abstract": "1.10.0"
      }
    },
    "browser-split": {
      "version": "0.0.1",
      "resolved": "https://registry.npmjs.org/browser-split/-/browser-split-0.0.1.tgz",
      "integrity": "sha1-ewl1dPjj6tYG+0Zk5krf3aKYGpM="
    },
    "camelize": {
      "version": "1.0.0",
      "resolved": "https://registry.npmjs.org/camelize/-/camelize-1.0.0.tgz",
      "integrity": "sha1-FkpUg+Yw+kMh5a8HAg5TGDGyYJs="
    },
    "cloudydom": {
      "version": "1.0.7",
      "resolved": "https://registry.npmjs.org/cloudydom/-/cloudydom-1.0.7.tgz",
      "integrity": "sha1-vsSVLXDuGGqEZ/7olWeFNKGQ8Ck="
    },
    "core-util-is": {
      "version": "1.0.2",
      "resolved": "https://registry.npmjs.org/core-util-is/-/core-util-is-1.0.2.tgz",
      "integrity": "sha1-tf1UIgqivFq1eqtxQMlAdUUDwac="
    },
    "define-properties": {
      "version": "1.1.2",
      "resolved": "https://registry.npmjs.org/define-properties/-/define-properties-1.1.2.tgz",
      "integrity": "sha1-g6c/L+pWmJj7c3GTyPhzyvbUXJQ=",
      "requires": {
        "foreach": "2.0.5",
        "object-keys": "1.0.11"
      }
    },
    "dom-serializer": {
      "version": "0.1.0",
      "resolved": "https://registry.npmjs.org/dom-serializer/-/dom-serializer-0.1.0.tgz",
      "integrity": "sha1-BzxpdUbOB4DOI75KKOKT5AvDDII=",
      "requires": {
        "domelementtype": "1.1.3",
        "entities": "1.1.1"
      },
      "dependencies": {
        "domelementtype": {
          "version": "1.1.3",
          "resolved": "https://registry.npmjs.org/domelementtype/-/domelementtype-1.1.3.tgz",
          "integrity": "sha1-vSh3PiZCiBrsUVRJJCmcXNgiGFs="
        }
      }
    },
    "dom-walk": {
      "version": "0.1.1",
      "resolved": "https://registry.npmjs.org/dom-walk/-/dom-walk-0.1.1.tgz",
      "integrity": "sha1-ZyIm3HTI95mtNTB9+TaroRrNYBg="
    },
    "domelementtype": {
      "version": "1.3.0",
      "resolved": "https://registry.npmjs.org/domelementtype/-/domelementtype-1.3.0.tgz",
      "integrity": "sha1-sXrtguirWeUt2cGbF1bg/BhyBMI="
    },
    "domhandler": {
      "version": "2.4.1",
      "resolved": "https://registry.npmjs.org/domhandler/-/domhandler-2.4.1.tgz",
      "integrity": "sha1-iS5HAAqZvlW783dP/qBWHYh5wlk=",
      "requires": {
        "domelementtype": "1.3.0"
      }
    },
    "domutils": {
      "version": "1.6.2",
      "resolved": "https://registry.npmjs.org/domutils/-/domutils-1.6.2.tgz",
      "integrity": "sha1-GVjMC0yUJuntNn+xyOhUiRsPo/8=",
      "requires": {
        "dom-serializer": "0.1.0",
        "domelementtype": "1.3.0"
      }
    },
    "ent": {
      "version": "2.2.0",
      "resolved": "https://registry.npmjs.org/ent/-/ent-2.2.0.tgz",
      "integrity": "sha1-6WQhkyWiHQX0RGai9obtbOX13R0="
    },
    "entities": {
      "version": "1.1.1",
      "resolved": "https://registry.npmjs.org/entities/-/entities-1.1.1.tgz",
      "integrity": "sha1-blwtClYhtdra7O+AuQ7ftc13cvA="
    },
    "error": {
      "version": "4.4.0",
      "resolved": "https://registry.npmjs.org/error/-/error-4.4.0.tgz",
      "integrity": "sha1-v2n/JR+0onnBmtzNqmth6Q2b8So=",
      "requires": {
        "camelize": "1.0.0",
        "string-template": "0.2.1",
        "xtend": "4.0.1"
      }
    },
    "es-abstract": {
      "version": "1.10.0",
      "resolved": "https://registry.npmjs.org/es-abstract/-/es-abstract-1.10.0.tgz",
      "integrity": "sha512-/uh/DhdqIOSkAWifU+8nG78vlQxdLckUdI/sPgy0VhuXi2qJ7T8czBmqIYtLQVpCIFYafChnsRsB5pyb1JdmCQ==",
      "requires": {
        "es-to-primitive": "1.1.1",
        "function-bind": "1.1.1",
        "has": "1.0.1",
        "is-callable": "1.1.3",
        "is-regex": "1.0.4"
      }
    },
    "es-to-primitive": {
      "version": "1.1.1",
      "resolved": "https://registry.npmjs.org/es-to-primitive/-/es-to-primitive-1.1.1.tgz",
      "integrity": "sha1-RTVSSKiJeQNLZ5Lhm7gfK3l13Q0=",
      "requires": {
        "is-callable": "1.1.3",
        "is-date-object": "1.0.1",
        "is-symbol": "1.0.1"
      }
    },
    "es6-promise": {
      "version": "4.2.2",
      "resolved": "https://registry.npmjs.org/es6-promise/-/es6-promise-4.2.2.tgz",
      "integrity": "sha512-LSas5vsuA6Q4nEdf9wokY5/AJYXry98i0IzXsv49rYsgDGDNDPbqAYR1Pe23iFxygfbGZNR/5VrHXBCh2BhvUQ=="
    },
    "ev-store": {
      "version": "7.0.0",
      "resolved": "https://registry.npmjs.org/ev-store/-/ev-store-7.0.0.tgz",
      "integrity": "sha1-GrDH+CE2UF3XSzHRdwHLK+bSZVg=",
      "requires": {
        "individual": "3.0.0"
      }
    },
    "foreach": {
      "version": "2.0.5",
      "resolved": "https://registry.npmjs.org/foreach/-/foreach-2.0.5.tgz",
      "integrity": "sha1-C+4AUBiusmDQo6865ljdATbsG5k="
    },
    "function-bind": {
      "version": "1.1.1",
      "resolved": "https://registry.npmjs.org/function-bind/-/function-bind-1.1.1.tgz",
      "integrity": "sha512-yIovAzMX49sF8Yl58fSCWJ5svSLuaibPxXQJFLmBObTuCr0Mf1KiPopGM9NiFjiYBCbfaa2Fh6breQ6ANVTI0A=="
    },
    "global": {
      "version": "4.3.2",
      "resolved": "https://registry.npmjs.org/global/-/global-4.3.2.tgz",
      "integrity": "sha1-52mJJopsdMOJCLEwWxD8DjlOnQ8=",
      "requires": {
        "min-document": "2.19.0",
        "process": "0.5.2"
      }
    },
    "has": {
      "version": "1.0.1",
      "resolved": "https://registry.npmjs.org/has/-/has-1.0.1.tgz",
      "integrity": "sha1-hGFzP1OLCDfJNh45qauelwTcLyg=",
      "requires": {
        "function-bind": "1.1.1"
      }
    },
    "has-symbols": {
      "version": "1.0.0",
      "resolved": "https://registry.npmjs.org/has-symbols/-/has-symbols-1.0.0.tgz",
      "integrity": "sha1-uhqPGvKg/DllD1yFA2dwQSIGO0Q="
    },
    "html-to-vdom": {
      "version": "0.7.0",
      "resolved": "https://registry.npmjs.org/html-to-vdom/-/html-to-vdom-0.7.0.tgz",
      "integrity": "sha1-zGegm2fTUgsKV37Q4zcGojEM6dw=",
      "requires": {
        "ent": "2.2.0",
        "htmlparser2": "3.9.2"
      }
    },
    "htmlparser2": {
      "version": "3.9.2",
      "resolved": "https://registry.npmjs.org/htmlparser2/-/htmlparser2-3.9.2.tgz",
      "integrity": "sha1-G9+HrMoPP55T+k/M6w9LTLsAszg=",
      "requires": {
        "domelementtype": "1.3.0",
        "domhandler": "2.4.1",
        "domutils": "1.6.2",
        "entities": "1.1.1",
        "inherits": "2.0.3",
        "readable-stream": "2.3.3"
      }
    },
    "individual": {
      "version": "3.0.0",
      "resolved": "https://registry.npmjs.org/individual/-/individual-3.0.0.tgz",
      "integrity": "sha1-58pPhfiVewGHNPKFdQ3CLsL5hi0="
    },
    "inherits": {
      "version": "2.0.3",
      "resolved": "https://registry.npmjs.org/inherits/-/inherits-2.0.3.tgz",
      "integrity": "sha1-Yzwsg+PaQqUC9SRmAiSA9CCCYd4="
    },
    "is-callable": {
      "version": "1.1.3",
      "resolved": "https://registry.npmjs.org/is-callable/-/is-callable-1.1.3.tgz",
      "integrity": "sha1-hut1OSgF3cM69xySoO7fdO52BLI="
    },
    "is-date-object": {
      "version": "1.0.1",
      "resolved": "https://registry.npmjs.org/is-date-object/-/is-date-object-1.0.1.tgz",
      "integrity": "sha1-mqIOtq7rv/d/vTPnTKAbM1gdOhY="
    },
    "is-object": {
      "version": "1.0.1",
      "resolved": "https://registry.npmjs.org/is-object/-/is-object-1.0.1.tgz",
      "integrity": "sha1-iVJojF7C/9awPsyF52ngKQMINHA="
    },
    "is-regex": {
      "version": "1.0.4",
      "resolved": "https://registry.npmjs.org/is-regex/-/is-regex-1.0.4.tgz",
      "integrity": "sha1-VRdIm1RwkbCTDglWVM7SXul+lJE=",
      "requires": {
        "has": "1.0.1"
      }
    },
    "is-symbol": {
      "version": "1.0.1",
      "resolved": "https://registry.npmjs.org/is-symbol/-/is-symbol-1.0.1.tgz",
      "integrity": "sha1-PMWfAAJRlLarLjjbrmaJJWtmBXI="
    },
    "isarray": {
      "version": "1.0.0",
      "resolved": "https://registry.npmjs.org/isarray/-/isarray-1.0.0.tgz",
      "integrity": "sha1-u5NdSFgsuhaMBoNJV6VKPgcSTxE="
    },
    "min-document": {
      "version": "2.19.0",
      "resolved": "https://registry.npmjs.org/min-document/-/min-document-2.19.0.tgz",
      "integrity": "sha1-e9KC4/WELtKVu3SM3Z8f+iyCRoU=",
      "requires": {
        "dom-walk": "0.1.1"
      }
    },
    "next-tick": {
      "version": "0.2.2",
      "resolved": "https://registry.npmjs.org/next-tick/-/next-tick-0.2.2.tgz",
      "integrity": "sha1-ddpKkn7liH45BliABltzNkE7MQ0="
    },
    "object-assign": {
      "version": "4.1.1",
      "resolved": "https://registry.npmjs.org/object-assign/-/object-assign-4.1.1.tgz",
      "integrity": "sha1-IQmtx5ZYh8/AXLvUQsrIv7s2CGM="
    },
    "object-keys": {
      "version": "1.0.11",
      "resolved": "https://registry.npmjs.org/object-keys/-/object-keys-1.0.11.tgz",
      "integrity": "sha1-xUYBd4rVYPEULODgG8yotW0TQm0="
    },
    "object.assign": {
      "version": "4.1.0",
      "resolved": "https://registry.npmjs.org/object.assign/-/object.assign-4.1.0.tgz",
      "integrity": "sha512-exHJeq6kBKj58mqGyTQ9DFvrZC/eR6OwxzoM9YRoGBqrXYonaFyGiFMuc9VZrXf7DarreEwMpurG3dd+CNyW5w==",
      "requires": {
        "define-properties": "1.1.2",
        "function-bind": "1.1.1",
        "has-symbols": "1.0.0",
        "object-keys": "1.0.11"
      }
    },
    "picodom": {
      "version": "1.0.2",
      "resolved": "https://registry.npmjs.org/picodom/-/picodom-1.0.2.tgz",
      "integrity": "sha1-83wDfLfOfz3c7T7+luWhx3Eyw80="
    },
    "process": {
      "version": "0.5.2",
      "resolved": "https://registry.npmjs.org/process/-/process-0.5.2.tgz",
      "integrity": "sha1-FjjYqONML0QKkduVq5rrZ3/Bhc8="
    },
    "process-nextick-args": {
      "version": "1.0.7",
      "resolved": "https://registry.npmjs.org/process-nextick-args/-/process-nextick-args-1.0.7.tgz",
      "integrity": "sha1-FQ4gt1ZZCtP5EJPyWk8q2L/zC6M="
    },
    "readable-stream": {
      "version": "2.3.3",
      "resolved": "https://registry.npmjs.org/readable-stream/-/readable-stream-2.3.3.tgz",
      "integrity": "sha512-m+qzzcn7KUxEmd1gMbchF+Y2eIUbieUaxkWtptyHywrX0rE8QEYqPC07Vuy4Wm32/xE16NcdBctb8S0Xe/5IeQ==",
      "requires": {
        "core-util-is": "1.0.2",
        "inherits": "2.0.3",
        "isarray": "1.0.0",
        "process-nextick-args": "1.0.7",
        "safe-buffer": "5.1.1",
        "string_decoder": "1.0.3",
        "util-deprecate": "1.0.2"
      }
    },
    "safe-buffer": {
      "version": "5.1.1",
      "resolved": "https://registry.npmjs.org/safe-buffer/-/safe-buffer-5.1.1.tgz",
      "integrity": "sha512-kKvNJn6Mm93gAczWVJg7wH+wGYWNrDHdWvpUmHyEsgCtIwwo3bqPtV4tR5tuPaUhTOo/kvhVwd8XwwOllGYkbg=="
    },
    "skatejs-dom-diff": {
      "version": "1.0.0",
      "resolved": "https://registry.npmjs.org/skatejs-dom-diff/-/skatejs-dom-diff-1.0.0.tgz",
      "integrity": "sha1-lt1kgY8Fvr2m4VJd3+0qXqIts3I=",
      "requires": {
        "object-assign": "4.1.1",
        "skatejs-web-components": "5.2.1"
      }
    },
    "skatejs-web-components": {
      "version": "5.2.1",
      "resolved": "https://registry.npmjs.org/skatejs-web-components/-/skatejs-web-components-5.2.1.tgz",
      "integrity": "sha1-XyHipNaxkXingVdLhi+ChOnNAhs=",
      "requires": {
        "@webcomponents/custom-elements": "https://github.com/webcomponents/custom-elements/archive/36451e1.tar.gz",
        "@webcomponents/shadycss": "https://github.com/webcomponents/shadycss/archive/bea402d.tar.gz",
        "@webcomponents/template": "https://github.com/webcomponents/template/archive/60d743e.tar.gz",
        "array.from": "1.0.3",
        "cloudydom": "1.0.7",
        "es6-promise": "4.2.2",
        "object.assign": "4.1.0"
      }
    },
    "snabbdom": {
      "version": "0.7.1",
      "resolved": "https://registry.npmjs.org/snabbdom/-/snabbdom-0.7.1.tgz",
      "integrity": "sha512-uIOCq6rfkBZg2VdSopy9jL0cIOdrkHCcwOjDsLnjef6Z5oPoD8V7nKI8de4gP5GfvyqLY0RBDJP8LVU19Nsw5Q=="
    },
    "string-template": {
      "version": "0.2.1",
      "resolved": "https://registry.npmjs.org/string-template/-/string-template-0.2.1.tgz",
      "integrity": "sha1-QpMuWYo1LQH8IuwzZ9nYTuxsmt0="
    },
    "string_decoder": {
      "version": "1.0.3",
      "resolved": "https://registry.npmjs.org/string_decoder/-/string_decoder-1.0.3.tgz",
      "integrity": "sha512-4AH6Z5fzNNBcH+6XDMfA/BTt87skxqJlO0lAh3Dker5zThcAxG6mKz+iGu308UKoPPQ8Dcqx/4JhujzltRa+hQ==",
      "requires": {
        "safe-buffer": "5.1.1"
      }
    },
    "util-deprecate": {
      "version": "1.0.2",
      "resolved": "https://registry.npmjs.org/util-deprecate/-/util-deprecate-1.0.2.tgz",
      "integrity": "sha1-RQ1Nyfpw3nMnYvvS1KKJgUGaDM8="
    },
    "virtual-dom": {
      "version": "2.1.1",
      "resolved": "https://registry.npmjs.org/virtual-dom/-/virtual-dom-2.1.1.tgz",
      "integrity": "sha1-gO2i1IG57eDASRGM78tKBfIdE3U=",
      "requires": {
        "browser-split": "0.0.1",
        "error": "4.4.0",
        "ev-store": "7.0.0",
        "global": "4.3.2",
        "is-object": "1.0.1",
        "next-tick": "0.2.2",
        "x-is-array": "0.1.0",
        "x-is-string": "0.1.0"
      }
    },
    "x-is-array": {
      "version": "0.1.0",
      "resolved": "https://registry.npmjs.org/x-is-array/-/x-is-array-0.1.0.tgz",
      "integrity": "sha1-3lIBcdR7P0FvVYfWKbidJrEtwp0="
    },
    "x-is-string": {
      "version": "0.1.0",
      "resolved": "https://registry.npmjs.org/x-is-string/-/x-is-string-0.1.0.tgz",
      "integrity": "sha1-R0tQhlrzpJqcRlfwWs0UVFj3fYI="
    },
    "xtend": {
      "version": "4.0.1",
      "resolved": "https://registry.npmjs.org/xtend/-/xtend-4.0.1.tgz",
      "integrity": "sha1-pcbVMr5lbiPbgg77lDofBJmNY68="
    }
  }
}
